
Microsoft Visual Studio Solution File, Format Version 12.00
# Visual Studio 14
VisualStudioVersion = 14.0.25123.0
MinimumVisualStudioVersion = 10.0.40219.1
Project("{FAE04EC0-301F-11D3-BF4B-00C04F79EFBC}") = "Win32Interop.WinHandles", "src\Win32Interop.WinHandles\Win32Interop.WinHandles.csproj", "{632F72C0-0D20-48D3-B432-59F1C647B55D}"
EndProject
Project("{FAE04EC0-301F-11D3-BF4B-00C04F79EFBC}") = "Win32Interop.WinHandles.Tests", "src\Win32Interop.WinHandles.Tests\Win32Interop.WinHandles.Tests.csproj", "{53826F8F-FE69-4EE9-8DA9-08FD32EC7DF8}"
EndProject
Global
	GlobalSection(SolutionConfigurationPlatforms) = preSolution
		Debug|Any CPU = Debug|Any CPU
		Release|Any CPU = Release|Any CPU
	EndGlobalSection
	GlobalSection(ProjectConfigurationPlatforms) = postSolution
		{632F72C0-0D20-48D3-B432-59F1C647B55D}.Debug|Any CPU.ActiveCfg = Debug|Any CPU
		{632F72C0-0D20-48D3-B432-59F1C647B55D}.Debug|Any CPU.Build.0 = Debug|Any CPU
		{632F72C0-0D20-48D3-B432-59F1C647B55D}.Release|Any CPU.ActiveCfg = Release|Any CPU
		{632F72C0-0D20-48D3-B432-59F1C647B55D}.Release|Any CPU.Build.0 = Release|Any CPU
		{53826F8F-FE69-4EE9-8DA9-08FD32EC7DF8}.Debug|Any CPU.ActiveCfg = Debug|Any CPU
		{53826F8F-FE69-4EE9-8DA9-08FD32EC7DF8}.Debug|Any CPU.Build.0 = Debug|Any CPU
		{53826F8F-FE69-4EE9-8DA9-08FD32EC7DF8}.Release|Any CPU.ActiveCfg = Release|Any CPU
		{53826F8F-FE69-4EE9-8DA9-08FD32EC7DF8}.Release|Any CPU.Build.0 = Release|Any CPU
	EndGlobalSection
	GlobalSection(SolutionProperties) = preSolution
		HideSolutionNode = FALSE
	EndGlobalSection
EndGlobal
