
Microsoft Visual Studio Solution File, Format Version 12.00
# Visual Studio Version 16
VisualStudioVersion = 16.0.31019.194
MinimumVisualStudioVersion = 10.0.40219.1
Project("{9A19103F-16F7-4668-BE54-9A1E7A4F7556}") = "Win32Interop.WinHandles", "src\Win32Interop.WinHandles\Win32Interop.WinHandles.csproj", "{632F72C0-0D20-48D3-B432-59F1C647B55D}"
EndProject
Project("{FAE04EC0-301F-11D3-BF4B-00C04F79EFBC}") = "Win32Interop.WinHandles.Tests", "src\Win32Interop.WinHandles.Tests\Win32Interop.WinHandles.Tests.csproj", "{06CFDDCA-0D9F-43A2-ACA7-02ED3384304B}"
EndProject
Global
	GlobalSection(SolutionConfigurationPlatforms) = preSolution
		Debug|Any CPU = Debug|Any CPU
		Release|Any CPU = Release|Any CPU
	EndGlobalSection
	GlobalSection(ProjectConfigurationPlatforms) = postSolution
		{632F72C0-0D20-48D3-B432-59F1C647B55D}.Debug|Any CPU.ActiveCfg = Debug|Any CPU
		{632F72C0-0D20-48D3-B432-59F1C647B55D}.Debug|Any CPU.Build.0 = Debug|Any CPU
		{632F72C0-0D20-48D3-B432-59F1C647B55D}.Release|Any CPU.ActiveCfg = Release|Any CPU
		{632F72C0-0D20-48D3-B432-59F1C647B55D}.Release|Any CPU.Build.0 = Release|Any CPU
		{06CFDDCA-0D9F-43A2-ACA7-02ED3384304B}.Debug|Any CPU.ActiveCfg = Debug|Any CPU
		{06CFDDCA-0D9F-43A2-ACA7-02ED3384304B}.Debug|Any CPU.Build.0 = Debug|Any CPU
		{06CFDDCA-0D9F-43A2-ACA7-02ED3384304B}.Release|Any CPU.ActiveCfg = Release|Any CPU
		{06CFDDCA-0D9F-43A2-ACA7-02ED3384304B}.Release|Any CPU.Build.0 = Release|Any CPU
	EndGlobalSection
	GlobalSection(SolutionProperties) = preSolution
		HideSolutionNode = FALSE
	EndGlobalSection
	GlobalSection(ExtensibilityGlobals) = postSolution
		SolutionGuid = {B2D10ADD-6327-47A0-AA6D-36CD7AE3AC80}
	EndGlobalSection
EndGlobal
